{
  "name": "8-puzzle-solver-typescript",
  "lockfileVersion": 2,
  "requires": true,
  "packages": {
    "": {
      "dependencies": {
        "minheap": "^1.0.2"
      },
      "devDependencies": {
        "@types/node": "^18.11.0"
      }
    },
    "node_modules/@types/node": {
      "version": "18.11.0",
      "resolved": "https://registry.npmjs.org/@types/node/-/node-18.11.0.tgz",
      "integrity": "sha512-IOXCvVRToe7e0ny7HpT/X9Rb2RYtElG1a+VshjwT00HxrM2dWBApHQoqsI6WiY7Q03vdf2bCrIGzVrkF/5t10w==",
      "dev": true
    },
    "node_modules/minheap": {
      "version": "1.0.2",
      "resolved": "https://registry.npmjs.org/minheap/-/minheap-1.0.2.tgz",
      "integrity": "sha512-CKK7fDkbgZrG/midL811L/CN2zzSoCvNUBm1uKHaL7EF0AIqyyasG0YoeHwIqIA/CUMKwtyA74D+Bu6vNrbfjg=="
    }
  },
  "dependencies": {
    "@types/node": {
      "version": "18.11.0",
      "resolved": "https://registry.npmjs.org/@types/node/-/node-18.11.0.tgz",
      "integrity": "sha512-IOXCvVRToe7e0ny7HpT/X9Rb2RYtElG1a+VshjwT00HxrM2dWBApHQoqsI6WiY7Q03vdf2bCrIGzVrkF/5t10w==",
      "dev": true
    },
    "minheap": {
      "version": "1.0.2",
      "resolved": "https://registry.npmjs.org/minheap/-/minheap-1.0.2.tgz",
      "integrity": "sha512-CKK7fDkbgZrG/midL811L/CN2zzSoCvNUBm1uKHaL7EF0AIqyyasG0YoeHwIqIA/CUMKwtyA74D+Bu6vNrbfjg=="
    }
  }
}
